PODS:
  - Crashlytics (3.10.1):
    - Fabric (~> 1.7.5)
  - Fabric (1.7.5)
  - IQKeyboardManager (6.0.2)

DEPENDENCIES:
  - Crashlytics
  - Fabric
  - IQKeyboardManager

SPEC REPOS:
  https://github.com/cocoapods/specs.git:
    - Crashlytics
    - Fabric
    - IQKeyboardManager

SPEC CHECKSUMS:
  Crashlytics: aee1a064cbbf99b32efa3f056a5f458d846bc8ff
  Fabric: ae7146a5f505ea370a1e44820b4b1dc8890e2890
  IQKeyboardManager: c49d59e358aeeffaa0280aa305093c2b194d2607

PODFILE CHECKSUM: 8a3e99e35e20124f1c1d2bd2ce476b9cdc0a11cf

COCOAPODS: 1.5.2
